# This file was autogenerated by Stack.
# You should not edit this file by hand.
# For more information, please see the documentation at:
#   https://docs.haskellstack.org/en/stable/lock_files

packages:
- completed:
    hackage: hedn-0.3.0.0@sha256:ccfa3eda823a9ec17fdd28cd84838849c9d16a8d0be3a996908c39855a23edae,2328
    pantry-tree:
      size: 1293
      sha256: 221397a5136748ef05daca42555731fdd2fd04fb05ac02204c8606ba3ecf0c38
  original:
    hackage: hedn-0.3.0.0
snapshots:
- completed:
    size: 495206
    url: https://raw.githubusercontent.com/commercialhaskell/stackage-snapshots/master/lts/13/7.yaml
    sha256: 3a5f3259a455fcd80ef9b37a432f0ac396f7a909069d69bb7271e0cbb61efd46
  original: lts-13.7
